// !$*UTF8*$!
{
	archiveVersion = 1;
	classes = {
	};
	objectVersion = 55;
	objects = {

/* Begin PBXBuildFile section */
		22DB3550285AE36F005E417F /* roomappApp.swift in Sources */ = {isa = PBXBuildFile; fileRef = 22DB354F285AE36F005E417F /* roomappApp.swift */; };
		22DB3552285AE36F005E417F /* ContentView.swift in Sources */ = {isa = PBXBuildFile; fileRef = 22DB3551285AE36F005E417F /* ContentView.swift */; };
		22DB3554285AE371005E417F /* Assets.xcassets in Resources */ = {isa = PBXBuildFile; fileRef = 22DB3553285AE371005E417F /* Assets.xcassets */; };
		22DB3557285AE371005E417F /* Preview Assets.xcassets in Resources */ = {isa = PBXBuildFile; fileRef = 22DB3556285AE371005E417F /* Preview Assets.xcassets */; };
		22DB3562285C3AD6005E417F /* room.swift in Sources */ = {isa = PBXBuildFile; fileRef = 22DB3561285C3AD6005E417F /* room.swift */; };
		22DDE253285E4272001BD915 /* SelectButton.swift in Sources */ = {isa = PBXBuildFile; fileRef = 22DDE252285E4272001BD915 /* SelectButton.swift */; };
		22DDE257285F3724001BD915 /* LovooDetails.swift in Sources */ = {isa = PBXBuildFile; fileRef = 22DDE256285F3724001BD915 /* LovooDetails.swift */; };
		22DDE25B285F49DB001BD915 /* RoomRow.swift in Sources */ = {isa = PBXBuildFile; fileRef = 22DDE25A285F49DB001BD915 /* RoomRow.swift */; };
/* End PBXBuildFile section */

/* Begin PBXFileReference section */
		22DB354C285AE36F005E417F /* roomapp.app */ = {isa = PBXFileReference; explicitFileType = wrapper.application; includeInIndex = 0; path = roomapp.app; sourceTree = BUILT_PRODUCTS_DIR; };
		22DB354F285AE36F005E417F /* roomappApp.swift */ = {isa = PBXFileReference; lastKnownFileType = sourcecode.swift; path = roomappApp.swift; sourceTree = "<group>"; };
		22DB3551285AE36F005E417F /* ContentView.swift */ = {isa = PBXFileReference; lastKnownFileType = sourcecode.swift; path = ContentView.swift; sourceTree = "<group>"; };
		22DB3553285AE371005E417F /* Assets.xcassets */ = {isa = PBXFileReference; lastKnownFileType = folder.assetcatalog; path = Assets.xcassets; sourceTree = "<group>"; };
		22DB3556285AE371005E417F /* Preview Assets.xcassets */ = {isa = PBXFileReference; lastKnownFileType = folder.assetcatalog; path = "Preview Assets.xcassets"; sourceTree = "<group>"; };
		22DB3561285C3AD6005E417F /* room.swift */ = {isa = PBXFileReference; lastKnownFileType = sourcecode.swift; path = room.swift; sourceTree = "<group>"; };
		22DDE252285E4272001BD915 /* SelectButton.swift */ = {isa = PBXFileReference; lastKnownFileType = sourcecode.swift; path = SelectButton.swift; sourceTree = "<group>"; };
		22DDE256285F3724001BD915 /* LovooDetails.swift */ = {isa = PBXFileReference; lastKnownFileType = sourcecode.swift; path = LovooDetails.swift; sourceTree = "<group>"; };
		22DDE25A285F49DB001BD915 /* RoomRow.swift */ = {isa = PBXFileReference; lastKnownFileType = sourcecode.swift; path = RoomRow.swift; sourceTree = "<group>"; };
/* End PBXFileReference section */

/* Begin PBXFrameworksBuildPhase section */
		22DB3549285AE36F005E417F /* Frameworks */ = {
			isa = PBXFrameworksBuildPhase;
			buildActionMask = 2147483647;
			files = (
			);
			runOnlyForDeploymentPostprocessing = 0;
		};
/* End PBXFrameworksBuildPhase section */

/* Begin PBXGroup section */
		22DB3543285AE36F005E417F = {
			isa = PBXGroup;
			children = (
				22DB354E285AE36F005E417F /* roomapp */,
				22DB354D285AE36F005E417F /* Products */,
			);
			sourceTree = "<group>";
		};
		22DB354D285AE36F005E417F /* Products */ = {
			isa = PBXGroup;
			children = (
				22DB354C285AE36F005E417F /* roomapp.app */,
			);
			name = Products;
			sourceTree = "<group>";
		};
		22DB354E285AE36F005E417F /* roomapp */ = {
			isa = PBXGroup;
			children = (
				22DB354F285AE36F005E417F /* roomappApp.swift */,
				22DB3551285AE36F005E417F /* ContentView.swift */,
				22DDE25A285F49DB001BD915 /* RoomRow.swift */,
				22DDE256285F3724001BD915 /* LovooDetails.swift */,
				22DDE252285E4272001BD915 /* SelectButton.swift */,
				22DB3561285C3AD6005E417F /* room.swift */,
				22DB3553285AE371005E417F /* Assets.xcassets */,
				22DB3555285AE371005E417F /* Preview Content */,
			);
			path = roomapp;
			sourceTree = "<group>";
		};
		22DB3555285AE371005E417F /* Preview Content */ = {
			isa = PBXGroup;
			children = (
				22DB3556285AE371005E417F /* Preview Assets.xcassets */,
			);
			path = "Preview Content";
			sourceTree = "<group>";
		};
/* End PBXGroup section */

/* Begin PBXNativeTarget section */
		22DB354B285AE36F005E417F /* roomapp */ = {
			isa = PBXNativeTarget;
			buildConfigurationList = 22DB355A285AE371005E417F /* Build configuration list for PBXNativeTarget "roomapp" */;
			buildPhases = (
				22DB3548285AE36F005E417F /* Sources */,
				22DB3549285AE36F005E417F /* Frameworks */,
				22DB354A285AE36F005E417F /* Resources */,
			);
			buildRules = (
			);
			dependencies = (
			);
			name = roomapp;
			productName = roomapp;
			productReference = 22DB354C285AE36F005E417F /* roomapp.app */;
			productType = "com.apple.product-type.application";
		};
/* End PBXNativeTarget section */

/* Begin PBXProject section */
		22DB3544285AE36F005E417F /* Project object */ = {
			isa = PBXProject;
			attributes = {
				BuildIndependentTargetsInParallel = 1;
				LastSwiftUpdateCheck = 1340;
				LastUpgradeCheck = 1340;
				TargetAttributes = {
					22DB354B285AE36F005E417F = {
						CreatedOnToolsVersion = 13.4.1;
					};
				};
			};
			buildConfigurationList = 22DB3547285AE36F005E417F /* Build configuration list for PBXProject "roomapp" */;
			compatibilityVersion = "Xcode 13.0";
			developmentRegion = en;
			hasScannedForEncodings = 0;
			knownRegions = (
				en,
				Base,
			);
			mainGroup = 22DB3543285AE36F005E417F;
			productRefGroup = 22DB354D285AE36F005E417F /* Products */;
			projectDirPath = "";
			projectRoot = "";
			targets = (
				22DB354B285AE36F005E417F /* roomapp */,
			);
		};
/* End PBXProject section */

/* Begin PBXResourcesBuildPhase section */
		22DB354A285AE36F005E417F /* Resources */ = {
			isa = PBXResourcesBuildPhase;
			buildActionMask = 2147483647;
			files = (
				22DB3557285AE371005E417F /* Preview Assets.xcassets in Resources */,
				22DB3554285AE371005E417F /* Assets.xcassets in Resources */,
			);
			runOnlyForDeploymentPostprocessing = 0;
		};
/* End PBXResourcesBuildPhase section */

/* Begin PBXSourcesBuildPhase section */
		22DB3548285AE36F005E417F /* Sources */ = {
			isa = PBXSourcesBuildPhase;
			buildActionMask = 2147483647;
			files = (
				22DB3562285C3AD6005E417F /* room.swift in Sources */,
				22DDE257285F3724001BD915 /* LovooDetails.swift in Sources */,
				22DB3552285AE36F005E417F /* ContentView.swift in Sources */,
				22DDE253285E4272001BD915 /* SelectButton.swift in Sources */,
				22DDE25B285F49DB001BD915 /* RoomRow.swift in Sources */,
				22DB3550285AE36F005E417F /* roomappApp.swift in Sources */,
			);
			runOnlyForDeploymentPostprocessing = 0;
		};
/* End PBXSourcesBuildPhase section */

/* Begin XCBuildConfiguration section */
		22DB3558285AE371005E417F /* Debug */ = {
			isa = XCBuildConfiguration;
			buildSettings = {
				ALWAYS_SEARCH_USER_PATHS = NO;
				CLANG_ANALYZER_NONNULL = YES;
				CLANG_ANALYZER_NUMBER_OBJECT_CONVERSION = YES_AGGRESSIVE;
				CLANG_CXX_LANGUAGE_STANDARD = "gnu++17";
				CLANG_ENABLE_MODULES = YES;
				CLANG_ENABLE_OBJC_ARC = YES;
				CLANG_ENABLE_OBJC_WEAK = YES;
				CLANG_WARN_BLOCK_CAPTURE_AUTORELEASING = YES;
				CLANG_WARN_BOOL_CONVERSION = YES;
				CLANG_WARN_COMMA = YES;
				CLANG_WARN_CONSTANT_CONVERSION = YES;
				CLANG_WARN_DEPRECATED_OBJC_IMPLEMENTATIONS = YES;
				CLANG_WARN_DIRECT_OBJC_ISA_USAGE = YES_ERROR;
				CLANG_WARN_DOCUMENTATION_COMMENTS = YES;
				CLANG_WARN_EMPTY_BODY = YES;
				CLANG_WARN_ENUM_CONVERSION = YES;
				CLANG_WARN_INFINITE_RECURSION = YES;
				CLANG_WARN_INT_CONVERSION = YES;
				CLANG_WARN_NON_LITERAL_NULL_CONVERSION = YES;
				CLANG_WARN_OBJC_IMPLICIT_RETAIN_SELF = YES;
				CLANG_WARN_OBJC_LITERAL_CONVERSION = YES;
				CLANG_WARN_OBJC_ROOT_CLASS = YES_ERROR;
				CLANG_WARN_QUOTED_INCLUDE_IN_FRAMEWORK_HEADER = YES;
				CLANG_WARN_RANGE_LOOP_ANALYSIS = YES;
				CLANG_WARN_STRICT_PROTOTYPES = YES;
				CLANG_WARN_SUSPICIOUS_MOVE = YES;
				CLANG_WARN_UNGUARDED_AVAILABILITY = YES_AGGRESSIVE;
				CLANG_WARN_UNREACHABLE_CODE = YES;
				CLANG_WARN__DUPLICATE_METHOD_MATCH = YES;
				COPY_PHASE_STRIP = NO;
				DEBUG_INFORMATION_FORMAT = dwarf;
				ENABLE_STRICT_OBJC_MSGSEND = YES;
				ENABLE_TESTABILITY = YES;
				GCC_C_LANGUAGE_STANDARD = gnu11;
				GCC_DYNAMIC_NO_PIC = NO;
				GCC_NO_COMMON_BLOCKS = YES;
				GCC_OPTIMIZATION_LEVEL = 0;
				GCC_PREPROCESSOR_DEFINITIONS = (
					"DEBUG=1",
					"$(inherited)",
				);
				GCC_WARN_64_TO_32_BIT_CONVERSION = YES;
				GCC_WARN_ABOUT_RETURN_TYPE = YES_ERROR;
				GCC_WARN_UNDECLARED_SELECTOR = YES;
				GCC_WARN_UNINITIALIZED_AUTOS = YES_AGGRESSIVE;
				GCC_WARN_UNUSED_FUNCTION = YES;
				GCC_WARN_UNUSED_VARIABLE = YES;
				IPHONEOS_DEPLOYMENT_TARGET = 15.5;
				MTL_ENABLE_DEBUG_INFO = INCLUDE_SOURCE;
				MTL_FAST_MATH = YES;
				ONLY_ACTIVE_ARCH = YES;
				SDKROOT = iphoneos;
				SWIFT_ACTIVE_COMPILATION_CONDITIONS = DEBUG;
				SWIFT_OPTIMIZATION_LEVEL = "-Onone";
			};
			name = Debug;
		};
		22DB3559285AE371005E417F /* Release */ = {
			isa = XCBuildConfiguration;
			buildSettings = {
				ALWAYS_SEARCH_USER_PATHS = NO;
				CLANG_ANALYZER_NONNULL = YES;
				CLANG_ANALYZER_NUMBER_OBJECT_CONVERSION = YES_AGGRESSIVE;
				CLANG_CXX_LANGUAGE_STANDARD = "gnu++17";
				CLANG_ENABLE_MODULES = YES;
				CLANG_ENABLE_OBJC_ARC = YES;
				CLANG_ENABLE_OBJC_WEAK = YES;
				CLANG_WARN_BLOCK_CAPTURE_AUTORELEASING = YES;
				CLANG_WARN_BOOL_CONVERSION = YES;
				CLANG_WARN_COMMA = YES;
				CLANG_WARN_CONSTANT_CONVERSION = YES;
				CLANG_WARN_DEPRECATED_OBJC_IMPLEMENTATIONS = YES;
				CLANG_WARN_DIRECT_OBJC_ISA_USAGE = YES_ERROR;
				CLANG_WARN_DOCUMENTATION_COMMENTS = YES;
				CLANG_WARN_EMPTY_BODY = YES;
				CLANG_WARN_ENUM_CONVERSION = YES;
				CLANG_WARN_INFINITE_RECURSION = YES;
				CLANG_WARN_INT_CONVERSION = YES;
				CLANG_WARN_NON_LITERAL_NULL_CONVERSION = YES;
				CLANG_WARN_OBJC_IMPLICIT_RETAIN_SELF = YES;
				CLANG_WARN_OBJC_LITERAL_CONVERSION = YES;
				CLANG_WARN_OBJC_ROOT_CLASS = YES_ERROR;
				CLANG_WARN_QUOTED_INCLUDE_IN_FRAMEWORK_HEADER = YES;
				CLANG_WARN_RANGE_LOOP_ANALYSIS = YES;
				CLANG_WARN_STRICT_PROTOTYPES = YES;
				CLANG_WARN_SUSPICIOUS_MOVE = YES;
				CLANG_WARN_UNGUARDED_AVAILABILITY = YES_AGGRESSIVE;
				CLANG_WARN_UNREACHABLE_CODE = YES;
				CLANG_WARN__DUPLICATE_METHOD_MATCH = YES;
				COPY_PHASE_STRIP = NO;
				DEBUG_INFORMATION_FORMAT = "dwarf-with-dsym";
				ENABLE_NS_ASSERTIONS = NO;
				ENABLE_STRICT_OBJC_MSGSEND = YES;
				GCC_C_LANGUAGE_STANDARD = gnu11;
				GCC_NO_COMMON_BLOCKS = YES;
				GCC_WARN_64_TO_32_BIT_CONVERSION = YES;
				GCC_WARN_ABOUT_RETURN_TYPE = YES_ERROR;
				GCC_WARN_UNDECLARED_SELECTOR = YES;
				GCC_WARN_UNINITIALIZED_AUTOS = YES_AGGRESSIVE;
				GCC_WARN_UNUSED_FUNCTION = YES;
				GCC_WARN_UNUSED_VARIABLE = YES;
				IPHONEOS_DEPLOYMENT_TARGET = 15.5;
				MTL_ENABLE_DEBUG_INFO = NO;
				MTL_FAST_MATH = YES;
				SDKROOT = iphoneos;
				SWIFT_COMPILATION_MODE = wholemodule;
				SWIFT_OPTIMIZATION_LEVEL = "-O";
				VALIDATE_PRODUCT = YES;
			};
			name = Release;
		};
		22DB355B285AE371005E417F /* Debug */ = {
			isa = XCBuildConfiguration;
			buildSettings = {
				ASSETCATALOG_COMPILER_APPICON_NAME = AppIcon;
				ASSETCATALOG_COMPILER_GLOBAL_ACCENT_COLOR_NAME = AccentColor;
				CODE_SIGN_STYLE = Automatic;
				CURRENT_PROJECT_VERSION = 1;
				DEVELOPMENT_ASSET_PATHS = "\"roomapp/Preview Content\"";
				ENABLE_PREVIEWS = YES;
				GENERATE_INFOPLIST_FILE = YES;
				INFOPLIST_KEY_UIApplicationSceneManifest_Generation = YES;
				INFOPLIST_KEY_UIApplicationSupportsIndirectInputEvents = YES;
				INFOPLIST_KEY_UILaunchScreen_Generation = YES;
				INFOPLIST_KEY_UISupportedInterfaceOrientations_iPad = "UIInterfaceOrientationPortrait UIInterfaceOrientationPortraitUpsideDown UIInterfaceOrientationLandscapeLeft UIInterfaceOrientationLandscapeRight";
				INFOPLIST_KEY_UISupportedInterfaceOrientations_iPhone = "UIInterfaceOrientationPortrait UIInterfaceOrientationLandscapeLeft UIInterfaceOrientationLandscapeRight";
				LD_RUNPATH_SEARCH_PATHS = (
					"$(inherited)",
					"@executable_path/Frameworks",
				);
				MARKETING_VERSION = 1.0;
				PRODUCT_BUNDLE_IDENTIFIER = lovoo.roomapp;
				PRODUCT_NAME = "$(TARGET_NAME)";
				SWIFT_EMIT_LOC_STRINGS = YES;
				SWIFT_VERSION = 5.0;
				TARGETED_DEVICE_FAMILY = "1,2";
			};
			name = Debug;
		};
		22DB355C285AE371005E417F /* Release */ = {
			isa = XCBuildConfiguration;
			buildSettings = {
				ASSETCATALOG_COMPILER_APPICON_NAME = AppIcon;
				ASSETCATALOG_COMPILER_GLOBAL_ACCENT_COLOR_NAME = AccentColor;
				CODE_SIGN_STYLE = Automatic;
				CURRENT_PROJECT_VERSION = 1;
				DEVELOPMENT_ASSET_PATHS = "\"roomapp/Preview Content\"";
				ENABLE_PREVIEWS = YES;
				GENERATE_INFOPLIST_FILE = YES;
				INFOPLIST_KEY_UIApplicationSceneManifest_Generation = YES;
				INFOPLIST_KEY_UIApplicationSupportsIndirectInputEvents = YES;
				INFOPLIST_KEY_UILaunchScreen_Generation = YES;
				INFOPLIST_KEY_UISupportedInterfaceOrientations_iPad = "UIInterfaceOrientationPortrait UIInterfaceOrientationPortraitUpsideDown UIInterfaceOrientationLandscapeLeft UIInterfaceOrientationLandscapeRight";
				INFOPLIST_KEY_UISupportedInterfaceOrientations_iPhone = "UIInterfaceOrientationPortrait UIInterfaceOrientationLandscapeLeft UIInterfaceOrientationLandscapeRight";
				LD_RUNPATH_SEARCH_PATHS = (
					"$(inherited)",
					"@executable_path/Frameworks",
				);
				MARKETING_VERSION = 1.0;
				PRODUCT_BUNDLE_IDENTIFIER = lovoo.roomapp;
				PRODUCT_NAME = "$(TARGET_NAME)";
				SWIFT_EMIT_LOC_STRINGS = YES;
				SWIFT_VERSION = 5.0;
				TARGETED_DEVICE_FAMILY = "1,2";
			};
			name = Release;
		};
/* End XCBuildConfiguration section */

/* Begin XCConfigurationList section */
		22DB3547285AE36F005E417F /* Build configuration list for PBXProject "roomapp" */ = {
			isa = XCConfigurationList;
			buildConfigurations = (
				22DB3558285AE371005E417F /* Debug */,
				22DB3559285AE371005E417F /* Release */,
			);
			defaultConfigurationIsVisible = 0;
			defaultConfigurationName = Release;
		};
		22DB355A285AE371005E417F /* Build configuration list for PBXNativeTarget "roomapp" */ = {
			isa = XCConfigurationList;
			buildConfigurations = (
				22DB355B285AE371005E417F /* Debug */,
				22DB355C285AE371005E417F /* Release */,
			);
			defaultConfigurationIsVisible = 0;
			defaultConfigurationName = Release;
		};
/* End XCConfigurationList section */
	};
	rootObject = 22DB3544285AE36F005E417F /* Project object */;
}
